// !$*UTF8*$!
{
	archiveVersion = 1;
	classes = {
	};
	objectVersion = 46;
	objects = {

/* Begin PBXBuildFile section */
		59543DE91A70A9B600FC3F78 /* Image.m in Sources */ = {isa = PBXBuildFile; fileRef = 59543DE81A70A9B600FC3F78 /* Image.m */; };
		59D5AD4A1A701BC100B844E1 /* main.m in Sources */ = {isa = PBXBuildFile; fileRef = 59D5AD491A701BC100B844E1 /* main.m */; };
		59D5AD4D1A701BC100B844E1 /* AppDelegate.m in Sources */ = {isa = PBXBuildFile; fileRef = 59D5AD4C1A701BC100B844E1 /* AppDelegate.m */; };
		59D5AD551A701BC100B844E1 /* Images.xcassets in Resources */ = {isa = PBXBuildFile; fileRef = 59D5AD541A701BC100B844E1 /* Images.xcassets */; };
		59D5AD581A701BC100B844E1 /* LaunchScreen.xib in Resources */ = {isa = PBXBuildFile; fileRef = 59D5AD561A701BC100B844E1 /* LaunchScreen.xib */; };
		59D5AD641A701BC100B844E1 /* AvitoTestTaskTests.m in Sources */ = {isa = PBXBuildFile; fileRef = 59D5AD631A701BC100B844E1 /* AvitoTestTaskTests.m */; };
		59D5AD751A701CD000B844E1 /* AKMainVC.m in Sources */ = {isa = PBXBuildFile; fileRef = 59D5AD741A701CD000B844E1 /* AKMainVC.m */; };
		59D5AD781A701CEF00B844E1 /* AKDatabase.m in Sources */ = {isa = PBXBuildFile; fileRef = 59D5AD771A701CEF00B844E1 /* AKDatabase.m */; };
		59D5AD7B1A701D2000B844E1 /* AKCoreDataController.m in Sources */ = {isa = PBXBuildFile; fileRef = 59D5AD7A1A701D2000B844E1 /* AKCoreDataController.m */; };
		59D5AD7E1A701DF100B844E1 /* AKMainTableViewDS.m in Sources */ = {isa = PBXBuildFile; fileRef = 59D5AD7D1A701DF100B844E1 /* AKMainTableViewDS.m */; };
		59D5AD821A701EC600B844E1 /* avitotest.xcdatamodeld in Sources */ = {isa = PBXBuildFile; fileRef = 59D5AD801A701EC600B844E1 /* avitotest.xcdatamodeld */; };
		59D5AD851A701F9C00B844E1 /* User.m in Sources */ = {isa = PBXBuildFile; fileRef = 59D5AD841A701F9C00B844E1 /* User.m */; };
		59D5AD881A701FD700B844E1 /* User+AKUser.m in Sources */ = {isa = PBXBuildFile; fileRef = 59D5AD871A701FD700B844E1 /* User+AKUser.m */; };
		59D5AD8B1A70200F00B844E1 /* AKNetworkServer.m in Sources */ = {isa = PBXBuildFile; fileRef = 59D5AD8A1A70200F00B844E1 /* AKNetworkServer.m */; };
		59D5AD8E1A7020C600B844E1 /* AKUserCell.m in Sources */ = {isa = PBXBuildFile; fileRef = 59D5AD8D1A7020C600B844E1 /* AKUserCell.m */; };
		59D5AD921A7035A900B844E1 /* AKTableViewFooter.m in Sources */ = {isa = PBXBuildFile; fileRef = 59D5AD911A7035A900B844E1 /* AKTableViewFooter.m */; };
/* End PBXBuildFile section */

/* Begin PBXContainerItemProxy section */
		59D5AD5E1A701BC100B844E1 /* PBXContainerItemProxy */ = {
			isa = PBXContainerItemProxy;
			containerPortal = 59D5AD3C1A701BC100B844E1 /* Project object */;
			proxyType = 1;
			remoteGlobalIDString = 59D5AD431A701BC100B844E1;
			remoteInfo = AvitoTestTask;
		};
/* End PBXContainerItemProxy section */

/* Begin PBXFileReference section */
		59543DE71A70A9B600FC3F78 /* Image.h */ = {isa = PBXFileReference; fileEncoding = 4; lastKnownFileType = sourcecode.c.h; path = Image.h; sourceTree = "<group>"; };
		59543DE81A70A9B600FC3F78 /* Image.m */ = {isa = PBXFileReference; fileEncoding = 4; lastKnownFileType = sourcecode.c.objc; path = Image.m; sourceTree = "<group>"; };
		59543DEA1A70A9D700FC3F78 /* modelClasses.h */ = {isa = PBXFileReference; lastKnownFileType = sourcecode.c.h; path = modelClasses.h; sourceTree = "<group>"; };
		59D5AD441A701BC100B844E1 /* AvitoTestTask.app */ = {isa = PBXFileReference; explicitFileType = wrapper.application; includeInIndex = 0; path = AvitoTestTask.app; sourceTree = BUILT_PRODUCTS_DIR; };
		59D5AD481A701BC100B844E1 /* Info.plist */ = {isa = PBXFileReference; lastKnownFileType = text.plist.xml; path = Info.plist; sourceTree = "<group>"; };
		59D5AD491A701BC100B844E1 /* main.m */ = {isa = PBXFileReference; lastKnownFileType = sourcecode.c.objc; path = main.m; sourceTree = "<group>"; };
		59D5AD4B1A701BC100B844E1 /* AppDelegate.h */ = {isa = PBXFileReference; lastKnownFileType = sourcecode.c.h; path = AppDelegate.h; sourceTree = "<group>"; };
		59D5AD4C1A701BC100B844E1 /* AppDelegate.m */ = {isa = PBXFileReference; lastKnownFileType = sourcecode.c.objc; path = AppDelegate.m; sourceTree = "<group>"; };
		59D5AD541A701BC100B844E1 /* Images.xcassets */ = {isa = PBXFileReference; lastKnownFileType = folder.assetcatalog; path = Images.xcassets; sourceTree = "<group>"; };
		59D5AD571A701BC100B844E1 /* Base */ = {isa = PBXFileReference; lastKnownFileType = file.xib; name = Base; path = Base.lproj/LaunchScreen.xib; sourceTree = "<group>"; };
		59D5AD5D1A701BC100B844E1 /* AvitoTestTaskTests.xctest */ = {isa = PBXFileReference; explicitFileType = wrapper.cfbundle; includeInIndex = 0; path = AvitoTestTaskTests.xctest; sourceTree = BUILT_PRODUCTS_DIR; };
		59D5AD621A701BC100B844E1 /* Info.plist */ = {isa = PBXFileReference; lastKnownFileType = text.plist.xml; path = Info.plist; sourceTree = "<group>"; };
		59D5AD631A701BC100B844E1 /* AvitoTestTaskTests.m */ = {isa = PBXFileReference; lastKnownFileType = sourcecode.c.objc; path = AvitoTestTaskTests.m; sourceTree = "<group>"; };
		59D5AD731A701CD000B844E1 /* AKMainVC.h */ = {isa = PBXFileReference; fileEncoding = 4; lastKnownFileType = sourcecode.c.h; path = AKMainVC.h; sourceTree = "<group>"; };
		59D5AD741A701CD000B844E1 /* AKMainVC.m */ = {isa = PBXFileReference; fileEncoding = 4; lastKnownFileType = sourcecode.c.objc; path = AKMainVC.m; sourceTree = "<group>"; };
		59D5AD761A701CEF00B844E1 /* AKDatabase.h */ = {isa = PBXFileReference; fileEncoding = 4; lastKnownFileType = sourcecode.c.h; path = AKDatabase.h; sourceTree = "<group>"; };
		59D5AD771A701CEF00B844E1 /* AKDatabase.m */ = {isa = PBXFileReference; fileEncoding = 4; lastKnownFileType = sourcecode.c.objc; path = AKDatabase.m; sourceTree = "<group>"; };
		59D5AD791A701D2000B844E1 /* AKCoreDataController.h */ = {isa = PBXFileReference; fileEncoding = 4; lastKnownFileType = sourcecode.c.h; path = AKCoreDataController.h; sourceTree = "<group>"; };
		59D5AD7A1A701D2000B844E1 /* AKCoreDataController.m */ = {isa = PBXFileReference; fileEncoding = 4; lastKnownFileType = sourcecode.c.objc; path = AKCoreDataController.m; sourceTree = "<group>"; };
		59D5AD7C1A701DF100B844E1 /* AKMainTableViewDS.h */ = {isa = PBXFileReference; fileEncoding = 4; lastKnownFileType = sourcecode.c.h; path = AKMainTableViewDS.h; sourceTree = "<group>"; };
		59D5AD7D1A701DF100B844E1 /* AKMainTableViewDS.m */ = {isa = PBXFileReference; fileEncoding = 4; lastKnownFileType = sourcecode.c.objc; path = AKMainTableViewDS.m; sourceTree = "<group>"; };
		59D5AD811A701EC600B844E1 /* avitotest.xcdatamodel */ = {isa = PBXFileReference; lastKnownFileType = wrapper.xcdatamodel; path = avitotest.xcdatamodel; sourceTree = "<group>"; };
		59D5AD831A701F9C00B844E1 /* User.h */ = {isa = PBXFileReference; fileEncoding = 4; lastKnownFileType = sourcecode.c.h; path = User.h; sourceTree = "<group>"; };
		59D5AD841A701F9C00B844E1 /* User.m */ = {isa = PBXFileReference; fileEncoding = 4; lastKnownFileType = sourcecode.c.objc; path = User.m; sourceTree = "<group>"; };
		59D5AD861A701FD700B844E1 /* User+AKUser.h */ = {isa = PBXFileReference; fileEncoding = 4; lastKnownFileType = sourcecode.c.h; path = "User+AKUser.h"; sourceTree = "<group>"; };
		59D5AD871A701FD700B844E1 /* User+AKUser.m */ = {isa = PBXFileReference; fileEncoding = 4; lastKnownFileType = sourcecode.c.objc; path = "User+AKUser.m"; sourceTree = "<group>"; };
		59D5AD891A70200F00B844E1 /* AKNetworkServer.h */ = {isa = PBXFileReference; fileEncoding = 4; lastKnownFileType = sourcecode.c.h; path = AKNetworkServer.h; sourceTree = "<group>"; };
		59D5AD8A1A70200F00B844E1 /* AKNetworkServer.m */ = {isa = PBXFileReference; fileEncoding = 4; lastKnownFileType = sourcecode.c.objc; path = AKNetworkServer.m; sourceTree = "<group>"; };
		59D5AD8C1A7020C600B844E1 /* AKUserCell.h */ = {isa = PBXFileReference; fileEncoding = 4; lastKnownFileType = sourcecode.c.h; path = AKUserCell.h; sourceTree = "<group>"; };
		59D5AD8D1A7020C600B844E1 /* AKUserCell.m */ = {isa = PBXFileReference; fileEncoding = 4; lastKnownFileType = sourcecode.c.objc; path = AKUserCell.m; sourceTree = "<group>"; };
		59D5AD901A7035A900B844E1 /* AKTableViewFooter.h */ = {isa = PBXFileReference; fileEncoding = 4; lastKnownFileType = sourcecode.c.h; path = AKTableViewFooter.h; sourceTree = "<group>"; };
		59D5AD911A7035A900B844E1 /* AKTableViewFooter.m */ = {isa = PBXFileReference; fileEncoding = 4; lastKnownFileType = sourcecode.c.objc; path = AKTableViewFooter.m; sourceTree = "<group>"; };
		59D5AD941A70427D00B844E1 /* AKUpdateModelObjectProtocol.h */ = {isa = PBXFileReference; fileEncoding = 4; lastKnownFileType = sourcecode.c.h; path = AKUpdateModelObjectProtocol.h; sourceTree = "<group>"; };
/* End PBXFileReference section */

/* Begin PBXFrameworksBuildPhase section */
		59D5AD411A701BC100B844E1 /* Frameworks */ = {
			isa = PBXFrameworksBuildPhase;
			buildActionMask = 2147483647;
			files = (
			);
			runOnlyForDeploymentPostprocessing = 0;
		};
		59D5AD5A1A701BC100B844E1 /* Frameworks */ = {
			isa = PBXFrameworksBuildPhase;
			buildActionMask = 2147483647;
			files = (
			);
			runOnlyForDeploymentPostprocessing = 0;
		};
/* End PBXFrameworksBuildPhase section */

/* Begin PBXGroup section */
		59D5AD3B1A701BC100B844E1 = {
			isa = PBXGroup;
			children = (
				59D5AD461A701BC100B844E1 /* AvitoTestTask */,
				59D5AD601A701BC100B844E1 /* AvitoTestTaskTests */,
				59D5AD451A701BC100B844E1 /* Products */,
			);
			sourceTree = "<group>";
		};
		59D5AD451A701BC100B844E1 /* Products */ = {
			isa = PBXGroup;
			children = (
				59D5AD441A701BC100B844E1 /* AvitoTestTask.app */,
				59D5AD5D1A701BC100B844E1 /* AvitoTestTaskTests.xctest */,
			);
			name = Products;
			sourceTree = "<group>";
		};
		59D5AD461A701BC100B844E1 /* AvitoTestTask */ = {
			isa = PBXGroup;
			children = (
				59D5AD931A70426100B844E1 /* Protocols */,
				59D5AD7F1A701EA900B844E1 /* Model */,
				59D5AD6E1A701BD400B844E1 /* DataSources */,
				59D5AD8F1A70296C00B844E1 /* Views */,
				59D5AD6F1A701C7C00B844E1 /* Cells */,
				59D5AD6D1A701BD000B844E1 /* VCs */,
				59D5AD4B1A701BC100B844E1 /* AppDelegate.h */,
				59D5AD4C1A701BC100B844E1 /* AppDelegate.m */,
				59D5AD541A701BC100B844E1 /* Images.xcassets */,
				59D5AD561A701BC100B844E1 /* LaunchScreen.xib */,
				59D5AD471A701BC100B844E1 /* Supporting Files */,
			);
			path = AvitoTestTask;
			sourceTree = "<group>";
		};
		59D5AD471A701BC100B844E1 /* Supporting Files */ = {
			isa = PBXGroup;
			children = (
				59D5AD481A701BC100B844E1 /* Info.plist */,
				59D5AD491A701BC100B844E1 /* main.m */,
			);
			name = "Supporting Files";
			sourceTree = "<group>";
		};
		59D5AD601A701BC100B844E1 /* AvitoTestTaskTests */ = {
			isa = PBXGroup;
			children = (
				59D5AD631A701BC100B844E1 /* AvitoTestTaskTests.m */,
				59D5AD611A701BC100B844E1 /* Supporting Files */,
			);
			path = AvitoTestTaskTests;
			sourceTree = "<group>";
		};
		59D5AD611A701BC100B844E1 /* Supporting Files */ = {
			isa = PBXGroup;
			children = (
				59D5AD621A701BC100B844E1 /* Info.plist */,
			);
			name = "Supporting Files";
			sourceTree = "<group>";
		};
		59D5AD6D1A701BD000B844E1 /* VCs */ = {
			isa = PBXGroup;
			children = (
				59D5AD731A701CD000B844E1 /* AKMainVC.h */,
				59D5AD741A701CD000B844E1 /* AKMainVC.m */,
			);
			name = VCs;
			sourceTree = "<group>";
		};
		59D5AD6E1A701BD400B844E1 /* DataSources */ = {
			isa = PBXGroup;
			children = (
				59D5AD761A701CEF00B844E1 /* AKDatabase.h */,
				59D5AD771A701CEF00B844E1 /* AKDatabase.m */,
				59D5AD791A701D2000B844E1 /* AKCoreDataController.h */,
				59D5AD7A1A701D2000B844E1 /* AKCoreDataController.m */,
				59D5AD891A70200F00B844E1 /* AKNetworkServer.h */,
				59D5AD8A1A70200F00B844E1 /* AKNetworkServer.m */,
				59D5AD7C1A701DF100B844E1 /* AKMainTableViewDS.h */,
				59D5AD7D1A701DF100B844E1 /* AKMainTableViewDS.m */,
			);
			name = DataSources;
			sourceTree = "<group>";
		};
		59D5AD6F1A701C7C00B844E1 /* Cells */ = {
			isa = PBXGroup;
			children = (
				59D5AD8C1A7020C600B844E1 /* AKUserCell.h */,
				59D5AD8D1A7020C600B844E1 /* AKUserCell.m */,
			);
			name = Cells;
			sourceTree = "<group>";
		};
		59D5AD7F1A701EA900B844E1 /* Model */ = {
			isa = PBXGroup;
			children = (
				59D5AD801A701EC600B844E1 /* avitotest.xcdatamodeld */,
				59543DEA1A70A9D700FC3F78 /* modelClasses.h */,
				59543DE71A70A9B600FC3F78 /* Image.h */,
				59543DE81A70A9B600FC3F78 /* Image.m */,
				59D5AD831A701F9C00B844E1 /* User.h */,
				59D5AD841A701F9C00B844E1 /* User.m */,
				59D5AD861A701FD700B844E1 /* User+AKUser.h */,
				59D5AD871A701FD700B844E1 /* User+AKUser.m */,
			);
			name = Model;
			sourceTree = "<group>";
		};
		59D5AD8F1A70296C00B844E1 /* Views */ = {
			isa = PBXGroup;
			children = (
				59D5AD901A7035A900B844E1 /* AKTableViewFooter.h */,
				59D5AD911A7035A900B844E1 /* AKTableViewFooter.m */,
			);
			name = Views;
			sourceTree = "<group>";
		};
		59D5AD931A70426100B844E1 /* Protocols */ = {
			isa = PBXGroup;
			children = (
				59D5AD941A70427D00B844E1 /* AKUpdateModelObjectProtocol.h */,
			);
			name = Protocols;
			sourceTree = "<group>";
		};
/* End PBXGroup section */

/* Begin PBXNativeTarget section */
		59D5AD431A701BC100B844E1 /* AvitoTestTask */ = {
			isa = PBXNativeTarget;
			buildConfigurationList = 59D5AD671A701BC100B844E1 /* Build configuration list for PBXNativeTarget "AvitoTestTask" */;
			buildPhases = (
				59D5AD401A701BC100B844E1 /* Sources */,
				59D5AD411A701BC100B844E1 /* Frameworks */,
				59D5AD421A701BC100B844E1 /* Resources */,
			);
			buildRules = (
			);
			dependencies = (
			);
			name = AvitoTestTask;
			productName = AvitoTestTask;
			productReference = 59D5AD441A701BC100B844E1 /* AvitoTestTask.app */;
			productType = "com.apple.product-type.application";
		};
		59D5AD5C1A701BC100B844E1 /* AvitoTestTaskTests */ = {
			isa = PBXNativeTarget;
			buildConfigurationList = 59D5AD6A1A701BC100B844E1 /* Build configuration list for PBXNativeTarget "AvitoTestTaskTests" */;
			buildPhases = (
				59D5AD591A701BC100B844E1 /* Sources */,
				59D5AD5A1A701BC100B844E1 /* Frameworks */,
				59D5AD5B1A701BC100B844E1 /* Resources */,
			);
			buildRules = (
			);
			dependencies = (
				59D5AD5F1A701BC100B844E1 /* PBXTargetDependency */,
			);
			name = AvitoTestTaskTests;
			productName = AvitoTestTaskTests;
			productReference = 59D5AD5D1A701BC100B844E1 /* AvitoTestTaskTests.xctest */;
			productType = "com.apple.product-type.bundle.unit-test";
		};
/* End PBXNativeTarget section */

/* Begin PBXProject section */
		59D5AD3C1A701BC100B844E1 /* Project object */ = {
			isa = PBXProject;
			attributes = {
				CLASSPREFIX = AK;
				LastUpgradeCheck = 0610;
				ORGANIZATIONNAME = AlKol;
				TargetAttributes = {
					59D5AD431A701BC100B844E1 = {
						CreatedOnToolsVersion = 6.1.1;
					};
					59D5AD5C1A701BC100B844E1 = {
						CreatedOnToolsVersion = 6.1.1;
						TestTargetID = 59D5AD431A701BC100B844E1;
					};
				};
			};
			buildConfigurationList = 59D5AD3F1A701BC100B844E1 /* Build configuration list for PBXProject "AvitoTestTask" */;
			compatibilityVersion = "Xcode 3.2";
			developmentRegion = English;
			hasScannedForEncodings = 0;
			knownRegions = (
				en,
				Base,
			);
			mainGroup = 59D5AD3B1A701BC100B844E1;
			productRefGroup = 59D5AD451A701BC100B844E1 /* Products */;
			projectDirPath = "";
			projectRoot = "";
			targets = (
				59D5AD431A701BC100B844E1 /* AvitoTestTask */,
				59D5AD5C1A701BC100B844E1 /* AvitoTestTaskTests */,
			);
		};
/* End PBXProject section */

/* Begin PBXResourcesBuildPhase section */
		59D5AD421A701BC100B844E1 /* Resources */ = {
			isa = PBXResourcesBuildPhase;
			buildActionMask = 2147483647;
			files = (
				59D5AD581A701BC100B844E1 /* LaunchScreen.xib in Resources */,
				59D5AD551A701BC100B844E1 /* Images.xcassets in Resources */,
			);
			runOnlyForDeploymentPostprocessing = 0;
		};
		59D5AD5B1A701BC100B844E1 /* Resources */ = {
			isa = PBXResourcesBuildPhase;
			buildActionMask = 2147483647;
			files = (
			);
			runOnlyForDeploymentPostprocessing = 0;
		};
/* End PBXResourcesBuildPhase section */

/* Begin PBXSourcesBuildPhase section */
		59D5AD401A701BC100B844E1 /* Sources */ = {
			isa = PBXSourcesBuildPhase;
			buildActionMask = 2147483647;
			files = (
				59D5AD851A701F9C00B844E1 /* User.m in Sources */,
				59D5AD8E1A7020C600B844E1 /* AKUserCell.m in Sources */,
				59D5AD881A701FD700B844E1 /* User+AKUser.m in Sources */,
				59D5AD781A701CEF00B844E1 /* AKDatabase.m in Sources */,
				59D5AD921A7035A900B844E1 /* AKTableViewFooter.m in Sources */,
				59D5AD7E1A701DF100B844E1 /* AKMainTableViewDS.m in Sources */,
				59543DE91A70A9B600FC3F78 /* Image.m in Sources */,
				59D5AD7B1A701D2000B844E1 /* AKCoreDataController.m in Sources */,
				59D5AD4D1A701BC100B844E1 /* AppDelegate.m in Sources */,
				59D5AD821A701EC600B844E1 /* avitotest.xcdatamodeld in Sources */,
				59D5AD751A701CD000B844E1 /* AKMainVC.m in Sources */,
				59D5AD4A1A701BC100B844E1 /* main.m in Sources */,
				59D5AD8B1A70200F00B844E1 /* AKNetworkServer.m in Sources */,
			);
			runOnlyForDeploymentPostprocessing = 0;
		};
		59D5AD591A701BC100B844E1 /* Sources */ = {
			isa = PBXSourcesBuildPhase;
			buildActionMask = 2147483647;
			files = (
				59D5AD641A701BC100B844E1 /* AvitoTestTaskTests.m in Sources */,
			);
			runOnlyForDeploymentPostprocessing = 0;
		};
/* End PBXSourcesBuildPhase section */

/* Begin PBXTargetDependency section */
		59D5AD5F1A701BC100B844E1 /* PBXTargetDependency */ = {
			isa = PBXTargetDependency;
			target = 59D5AD431A701BC100B844E1 /* AvitoTestTask */;
			targetProxy = 59D5AD5E1A701BC100B844E1 /* PBXContainerItemProxy */;
		};
/* End PBXTargetDependency section */

/* Begin PBXVariantGroup section */
		59D5AD561A701BC100B844E1 /* LaunchScreen.xib */ = {
			isa = PBXVariantGroup;
			children = (
				59D5AD571A701BC100B844E1 /* Base */,
			);
			name = LaunchScreen.xib;
			sourceTree = "<group>";
		};
/* End PBXVariantGroup section */

/* Begin XCBuildConfiguration section */
		59D5AD651A701BC100B844E1 /* Debug */ = {
			isa = XCBuildConfiguration;
			buildSettings = {
				ALWAYS_SEARCH_USER_PATHS = NO;
				CLANG_CXX_LANGUAGE_STANDARD = "gnu++0x";
				CLANG_CXX_LIBRARY = "libc++";
				CLANG_ENABLE_MODULES = YES;
				CLANG_ENABLE_OBJC_ARC = YES;
				CLANG_WARN_BOOL_CONVERSION = YES;
				CLANG_WARN_CONSTANT_CONVERSION = YES;
				CLANG_WARN_DIRECT_OBJC_ISA_USAGE = YES_ERROR;
				CLANG_WARN_EMPTY_BODY = YES;
				CLANG_WARN_ENUM_CONVERSION = YES;
				CLANG_WARN_INT_CONVERSION = YES;
				CLANG_WARN_OBJC_ROOT_CLASS = YES_ERROR;
				CLANG_WARN_UNREACHABLE_CODE = YES;
				CLANG_WARN__DUPLICATE_METHOD_MATCH = YES;
				"CODE_SIGN_IDENTITY[sdk=iphoneos*]" = "iPhone Developer";
				COPY_PHASE_STRIP = NO;
				ENABLE_STRICT_OBJC_MSGSEND = YES;
				GCC_C_LANGUAGE_STANDARD = gnu99;
				GCC_DYNAMIC_NO_PIC = NO;
				GCC_OPTIMIZATION_LEVEL = 0;
				GCC_PREPROCESSOR_DEFINITIONS = (
					"DEBUG=1",
					"$(inherited)",
				);
				GCC_SYMBOLS_PRIVATE_EXTERN = NO;
				GCC_WARN_64_TO_32_BIT_CONVERSION = YES;
				GCC_WARN_ABOUT_RETURN_TYPE = YES_ERROR;
				GCC_WARN_UNDECLARED_SELECTOR = YES;
				GCC_WARN_UNINITIALIZED_AUTOS = YES_AGGRESSIVE;
				GCC_WARN_UNUSED_FUNCTION = YES;
				GCC_WARN_UNUSED_VARIABLE = YES;
				IPHONEOS_DEPLOYMENT_TARGET = 8.1;
				MTL_ENABLE_DEBUG_INFO = YES;
				ONLY_ACTIVE_ARCH = YES;
				SDKROOT = iphoneos;
				TARGETED_DEVICE_FAMILY = "1,2";
			};
			name = Debug;
		};
		59D5AD661A701BC100B844E1 /* Release */ = {
			isa = XCBuildConfiguration;
			buildSettings = {
				ALWAYS_SEARCH_USER_PATHS = NO;
				CLANG_CXX_LANGUAGE_STANDARD = "gnu++0x";
				CLANG_CXX_LIBRARY = "libc++";
				CLANG_ENABLE_MODULES = YES;
				CLANG_ENABLE_OBJC_ARC = YES;
				CLANG_WARN_BOOL_CONVERSION = YES;
				CLANG_WARN_CONSTANT_CONVERSION = YES;
				CLANG_WARN_DIRECT_OBJC_ISA_USAGE = YES_ERROR;
				CLANG_WARN_EMPTY_BODY = YES;
				CLANG_WARN_ENUM_CONVERSION = YES;
				CLANG_WARN_INT_CONVERSION = YES;
				CLANG_WARN_OBJC_ROOT_CLASS = YES_ERROR;
				CLANG_WARN_UNREACHABLE_CODE = YES;
				CLANG_WARN__DUPLICATE_METHOD_MATCH = YES;
				"CODE_SIGN_IDENTITY[sdk=iphoneos*]" = "iPhone Developer";
				COPY_PHASE_STRIP = YES;
				ENABLE_NS_ASSERTIONS = NO;
				ENABLE_STRICT_OBJC_MSGSEND = YES;
				GCC_C_LANGUAGE_STANDARD = gnu99;
				GCC_WARN_64_TO_32_BIT_CONVERSION = YES;
				GCC_WARN_ABOUT_RETURN_TYPE = YES_ERROR;
				GCC_WARN_UNDECLARED_SELECTOR = YES;
				GCC_WARN_UNINITIALIZED_AUTOS = YES_AGGRESSIVE;
				GCC_WARN_UNUSED_FUNCTION = YES;
				GCC_WARN_UNUSED_VARIABLE = YES;
				IPHONEOS_DEPLOYMENT_TARGET = 8.1;
				MTL_ENABLE_DEBUG_INFO = NO;
				SDKROOT = iphoneos;
				TARGETED_DEVICE_FAMILY = "1,2";
				VALIDATE_PRODUCT = YES;
			};
			name = Release;
		};
		59D5AD681A701BC100B844E1 /* Debug */ = {
			isa = XCBuildConfiguration;
			buildSettings = {
				ASSETCATALOG_COMPILER_APPICON_NAME = AppIcon;
				INFOPLIST_FILE = AvitoTestTask/Info.plist;
				IPHONEOS_DEPLOYMENT_TARGET = 7.1;
				LD_RUNPATH_SEARCH_PATHS = "$(inherited) @executable_path/Frameworks";
				PRODUCT_NAME = "$(TARGET_NAME)";
			};
			name = Debug;
		};
		59D5AD691A701BC100B844E1 /* Release */ = {
			isa = XCBuildConfiguration;
			buildSettings = {
				ASSETCATALOG_COMPILER_APPICON_NAME = AppIcon;
				INFOPLIST_FILE = AvitoTestTask/Info.plist;
				IPHONEOS_DEPLOYMENT_TARGET = 7.1;
				LD_RUNPATH_SEARCH_PATHS = "$(inherited) @executable_path/Frameworks";
				PRODUCT_NAME = "$(TARGET_NAME)";
			};
			name = Release;
		};
		59D5AD6B1A701BC100B844E1 /* Debug */ = {
			isa = XCBuildConfiguration;
			buildSettings = {
				BUNDLE_LOADER = "$(TEST_HOST)";
				FRAMEWORK_SEARCH_PATHS = (
					"$(SDKROOT)/Developer/Library/Frameworks",
					"$(inherited)",
				);
				GCC_PREPROCESSOR_DEFINITIONS = (
					"DEBUG=1",
					"$(inherited)",
				);
				INFOPLIST_FILE = AvitoTestTaskTests/Info.plist;
				LD_RUNPATH_SEARCH_PATHS = "$(inherited) @executable_path/Frameworks @loader_path/Frameworks";
				PRODUCT_NAME = "$(TARGET_NAME)";
				TEST_HOST = "$(BUILT_PRODUCTS_DIR)/AvitoTestTask.app/AvitoTestTask";
			};
			name = Debug;
		};
		59D5AD6C1A701BC100B844E1 /* Release */ = {
			isa = XCBuildConfiguration;
			buildSettings = {
				BUNDLE_LOADER = "$(TEST_HOST)";
				FRAMEWORK_SEARCH_PATHS = (
					"$(SDKROOT)/Developer/Library/Frameworks",
					"$(inherited)",
				);
				INFOPLIST_FILE = AvitoTestTaskTests/Info.plist;
				LD_RUNPATH_SEARCH_PATHS = "$(inherited) @executable_path/Frameworks @loader_path/Frameworks";
				PRODUCT_NAME = "$(TARGET_NAME)";
				TEST_HOST = "$(BUILT_PRODUCTS_DIR)/AvitoTestTask.app/AvitoTestTask";
			};
			name = Release;
		};
/* End XCBuildConfiguration section */

/* Begin XCConfigurationList section */
		59D5AD3F1A701BC100B844E1 /* Build configuration list for PBXProject "AvitoTestTask" */ = {
			isa = XCConfigurationList;
			buildConfigurations = (
				59D5AD651A701BC100B844E1 /* Debug */,
				59D5AD661A701BC100B844E1 /* Release */,
			);
			defaultConfigurationIsVisible = 0;
			defaultConfigurationName = Release;
		};
		59D5AD671A701BC100B844E1 /* Build configuration list for PBXNativeTarget "AvitoTestTask" */ = {
			isa = XCConfigurationList;
			buildConfigurations = (
				59D5AD681A701BC100B844E1 /* Debug */,
				59D5AD691A701BC100B844E1 /* Release */,
			);
			defaultConfigurationIsVisible = 0;
			defaultConfigurationName = Release;
		};
		59D5AD6A1A701BC100B844E1 /* Build configuration list for PBXNativeTarget "AvitoTestTaskTests" */ = {
			isa = XCConfigurationList;
			buildConfigurations = (
				59D5AD6B1A701BC100B844E1 /* Debug */,
				59D5AD6C1A701BC100B844E1 /* Release */,
			);
			defaultConfigurationIsVisible = 0;
			defaultConfigurationName = Release;
		};
/* End XCConfigurationList section */

/* Begin XCVersionGroup section */
		59D5AD801A701EC600B844E1 /* avitotest.xcdatamodeld */ = {
			isa = XCVersionGroup;
			children = (
				59D5AD811A701EC600B844E1 /* avitotest.xcdatamodel */,
			);
			currentVersion = 59D5AD811A701EC600B844E1 /* avitotest.xcdatamodel */;
			path = avitotest.xcdatamodeld;
			sourceTree = "<group>";
			versionGroupType = wrapper.xcdatamodel;
		};
/* End XCVersionGroup section */
	};
	rootObject = 59D5AD3C1A701BC100B844E1 /* Project object */;
}
